// !$*UTF8*$!
{
	archiveVersion = 1;
	classes = {
	};
	objectVersion = 50;
	objects = {

/* Begin PBXBuildFile section */
		B9CF1E1D21F0EB63AB78782D /* Pods_FoodWasteApp.framework in Frameworks */ = {isa = PBXBuildFile; fileRef = 095BBEEC13F55803DB194928 /* Pods_FoodWasteApp.framework */; };
		F4D372C722034CC60031FA9B /* AppDelegate.swift in Sources */ = {isa = PBXBuildFile; fileRef = F4D372C622034CC60031FA9B /* AppDelegate.swift */; };
		F4D372C922034CC60031FA9B /* ViewController.swift in Sources */ = {isa = PBXBuildFile; fileRef = F4D372C822034CC60031FA9B /* ViewController.swift */; };
		F4D372CC22034CC60031FA9B /* Main.storyboard in Resources */ = {isa = PBXBuildFile; fileRef = F4D372CA22034CC60031FA9B /* Main.storyboard */; };
		F4D372CE22034CC80031FA9B /* Assets.xcassets in Resources */ = {isa = PBXBuildFile; fileRef = F4D372CD22034CC80031FA9B /* Assets.xcassets */; };
		F4D372D122034CC80031FA9B /* LaunchScreen.storyboard in Resources */ = {isa = PBXBuildFile; fileRef = F4D372CF22034CC80031FA9B /* LaunchScreen.storyboard */; };
		F4D372DD220399760031FA9B /* GenericDecoder.swift in Sources */ = {isa = PBXBuildFile; fileRef = F4D372DC220399760031FA9B /* GenericDecoder.swift */; };
		F4D372DF2203999E0031FA9B /* GenericCoderError.swift in Sources */ = {isa = PBXBuildFile; fileRef = F4D372DE2203999E0031FA9B /* GenericCoderError.swift */; };
/* End PBXBuildFile section */

/* Begin PBXFileReference section */
		0093C6BF0CF5C7FE1CD1FAB1 /* Pods-FoodWasteApp.release.xcconfig */ = {isa = PBXFileReference; includeInIndex = 1; lastKnownFileType = text.xcconfig; name = "Pods-FoodWasteApp.release.xcconfig"; path = "Pods/Target Support Files/Pods-FoodWasteApp/Pods-FoodWasteApp.release.xcconfig"; sourceTree = "<group>"; };
		095BBEEC13F55803DB194928 /* Pods_FoodWasteApp.framework */ = {isa = PBXFileReference; explicitFileType = wrapper.framework; includeInIndex = 0; path = Pods_FoodWasteApp.framework; sourceTree = BUILT_PRODUCTS_DIR; };
		79BBCF6226FE668BD8845682 /* Pods-FoodWasteApp.debug.xcconfig */ = {isa = PBXFileReference; includeInIndex = 1; lastKnownFileType = text.xcconfig; name = "Pods-FoodWasteApp.debug.xcconfig"; path = "Pods/Target Support Files/Pods-FoodWasteApp/Pods-FoodWasteApp.debug.xcconfig"; sourceTree = "<group>"; };
		F4D372C322034CC60031FA9B /* FoodWasteApp.app */ = {isa = PBXFileReference; explicitFileType = wrapper.application; includeInIndex = 0; path = FoodWasteApp.app; sourceTree = BUILT_PRODUCTS_DIR; };
		F4D372C622034CC60031FA9B /* AppDelegate.swift */ = {isa = PBXFileReference; lastKnownFileType = sourcecode.swift; path = AppDelegate.swift; sourceTree = "<group>"; };
		F4D372C822034CC60031FA9B /* ViewController.swift */ = {isa = PBXFileReference; lastKnownFileType = sourcecode.swift; path = ViewController.swift; sourceTree = "<group>"; };
		F4D372CB22034CC60031FA9B /* Base */ = {isa = PBXFileReference; lastKnownFileType = file.storyboard; name = Base; path = Base.lproj/Main.storyboard; sourceTree = "<group>"; };
		F4D372CD22034CC80031FA9B /* Assets.xcassets */ = {isa = PBXFileReference; lastKnownFileType = folder.assetcatalog; path = Assets.xcassets; sourceTree = "<group>"; };
		F4D372D022034CC80031FA9B /* Base */ = {isa = PBXFileReference; lastKnownFileType = file.storyboard; name = Base; path = Base.lproj/LaunchScreen.storyboard; sourceTree = "<group>"; };
		F4D372D222034CC80031FA9B /* Info.plist */ = {isa = PBXFileReference; lastKnownFileType = text.plist.xml; path = Info.plist; sourceTree = "<group>"; };
		F4D372DC220399760031FA9B /* GenericDecoder.swift */ = {isa = PBXFileReference; lastKnownFileType = sourcecode.swift; path = GenericDecoder.swift; sourceTree = "<group>"; };
		F4D372DE2203999E0031FA9B /* GenericCoderError.swift */ = {isa = PBXFileReference; lastKnownFileType = sourcecode.swift; path = GenericCoderError.swift; sourceTree = "<group>"; };
/* End PBXFileReference section */

/* Begin PBXFrameworksBuildPhase section */
		F4D372C022034CC60031FA9B /* Frameworks */ = {
			isa = PBXFrameworksBuildPhase;
			buildActionMask = 2147483647;
			files = (
				B9CF1E1D21F0EB63AB78782D /* Pods_FoodWasteApp.framework in Frameworks */,
			);
			runOnlyForDeploymentPostprocessing = 0;
		};
/* End PBXFrameworksBuildPhase section */

/* Begin PBXGroup section */
		12FCD88FC135201C4C590C84 /* Frameworks */ = {
			isa = PBXGroup;
			children = (
				095BBEEC13F55803DB194928 /* Pods_FoodWasteApp.framework */,
			);
			name = Frameworks;
			sourceTree = "<group>";
		};
		ABE57BA3CE27BD4724E183E4 /* Pods */ = {
			isa = PBXGroup;
			children = (
				79BBCF6226FE668BD8845682 /* Pods-FoodWasteApp.debug.xcconfig */,
				0093C6BF0CF5C7FE1CD1FAB1 /* Pods-FoodWasteApp.release.xcconfig */,
			);
			name = Pods;
			sourceTree = "<group>";
		};
		F4D372BA22034CC60031FA9B = {
			isa = PBXGroup;
			children = (
				F4D372C522034CC60031FA9B /* FoodWasteApp */,
				F4D372C422034CC60031FA9B /* Products */,
				ABE57BA3CE27BD4724E183E4 /* Pods */,
				12FCD88FC135201C4C590C84 /* Frameworks */,
			);
			sourceTree = "<group>";
		};
		F4D372C422034CC60031FA9B /* Products */ = {
			isa = PBXGroup;
			children = (
				F4D372C322034CC60031FA9B /* FoodWasteApp.app */,
			);
			name = Products;
			sourceTree = "<group>";
		};
		F4D372C522034CC60031FA9B /* FoodWasteApp */ = {
			isa = PBXGroup;
			children = (
				F4D372DB2203993B0031FA9B /* Helpers */,
				F4D372D9220398FC0031FA9B /* Resources */,
				F4D372D8220398990031FA9B /* Utilities */,
				F4D372C622034CC60031FA9B /* AppDelegate.swift */,
				F4D372C822034CC60031FA9B /* ViewController.swift */,
				F4D372CA22034CC60031FA9B /* Main.storyboard */,
				F4D372CF22034CC80031FA9B /* LaunchScreen.storyboard */,
				F4D372D222034CC80031FA9B /* Info.plist */,
			);
			path = FoodWasteApp;
			sourceTree = "<group>";
		};
		F4D372D8220398990031FA9B /* Utilities */ = {
			isa = PBXGroup;
			children = (
			);
			path = Utilities;
			sourceTree = "<group>";
		};
		F4D372D9220398FC0031FA9B /* Resources */ = {
			isa = PBXGroup;
			children = (
				F4D372DA220399240031FA9B /* Audio */,
				F4D372CD22034CC80031FA9B /* Assets.xcassets */,
			);
			path = Resources;
			sourceTree = "<group>";
		};
		F4D372DA220399240031FA9B /* Audio */ = {
			isa = PBXGroup;
			children = (
			);
			path = Audio;
			sourceTree = "<group>";
		};
		F4D372DB2203993B0031FA9B /* Helpers */ = {
			isa = PBXGroup;
			children = (
				F4D372DC220399760031FA9B /* GenericDecoder.swift */,
				F4D372DE2203999E0031FA9B /* GenericCoderError.swift */,
			);
			path = Helpers;
			sourceTree = "<group>";
		};
/* End PBXGroup section */

/* Begin PBXNativeTarget section */
		F4D372C222034CC60031FA9B /* FoodWasteApp */ = {
			isa = PBXNativeTarget;
			buildConfigurationList = F4D372D522034CC80031FA9B /* Build configuration list for PBXNativeTarget "FoodWasteApp" */;
			buildPhases = (
				A74212EE72A81B6173337D4F /* [CP] Check Pods Manifest.lock */,
				F4D372BF22034CC60031FA9B /* Sources */,
				F4D372C022034CC60031FA9B /* Frameworks */,
				F4D372C122034CC60031FA9B /* Resources */,
				39E885650196A20301AE4318 /* [CP] Embed Pods Frameworks */,
			);
			buildRules = (
			);
			dependencies = (
			);
			name = FoodWasteApp;
			productName = FoodWasteApp;
			productReference = F4D372C322034CC60031FA9B /* FoodWasteApp.app */;
			productType = "com.apple.product-type.application";
		};
/* End PBXNativeTarget section */

/* Begin PBXProject section */
		F4D372BB22034CC60031FA9B /* Project object */ = {
			isa = PBXProject;
			attributes = {
				LastSwiftUpdateCheck = 1010;
				LastUpgradeCheck = 1010;
				ORGANIZATIONNAME = UltraVortex;
				TargetAttributes = {
					F4D372C222034CC60031FA9B = {
						CreatedOnToolsVersion = 10.1;
					};
				};
			};
			buildConfigurationList = F4D372BE22034CC60031FA9B /* Build configuration list for PBXProject "FoodWasteApp" */;
			compatibilityVersion = "Xcode 9.3";
			developmentRegion = en;
			hasScannedForEncodings = 0;
			knownRegions = (
				en,
				Base,
			);
			mainGroup = F4D372BA22034CC60031FA9B;
			productRefGroup = F4D372C422034CC60031FA9B /* Products */;
			projectDirPath = "";
			projectRoot = "";
			targets = (
				F4D372C222034CC60031FA9B /* FoodWasteApp */,
			);
		};
/* End PBXProject section */

/* Begin PBXResourcesBuildPhase section */
		F4D372C122034CC60031FA9B /* Resources */ = {
			isa = PBXResourcesBuildPhase;
			buildActionMask = 2147483647;
			files = (
				F4D372D122034CC80031FA9B /* LaunchScreen.storyboard in Resources */,
				F4D372CE22034CC80031FA9B /* Assets.xcassets in Resources */,
				F4D372CC22034CC60031FA9B /* Main.storyboard in Resources */,
			);
			runOnlyForDeploymentPostprocessing = 0;
		};
/* End PBXResourcesBuildPhase section */

/* Begin PBXShellScriptBuildPhase section */
		39E885650196A20301AE4318 /* [CP] Embed Pods Frameworks */ = {
			isa = PBXShellScriptBuildPhase;
			buildActionMask = 2147483647;
			files = (
			);
			inputFileListPaths = (
			);
			inputPaths = (
				"${SRCROOT}/Pods/Target Support Files/Pods-FoodWasteApp/Pods-FoodWasteApp-frameworks.sh",
				"${BUILT_PRODUCTS_DIR}/Haptica/Haptica.framework",
				"${BUILT_PRODUCTS_DIR}/Kingfisher/Kingfisher.framework",
				"${BUILT_PRODUCTS_DIR}/SwiftySound/SwiftySound.framework",
			);
			name = "[CP] Embed Pods Frameworks";
			outputFileListPaths = (
			);
			outputPaths = (
				"${TARGET_BUILD_DIR}/${FRAMEWORKS_FOLDER_PATH}/Haptica.framework",
				"${TARGET_BUILD_DIR}/${FRAMEWORKS_FOLDER_PATH}/Kingfisher.framework",
				"${TARGET_BUILD_DIR}/${FRAMEWORKS_FOLDER_PATH}/SwiftySound.framework",
			);
			runOnlyForDeploymentPostprocessing = 0;
			shellPath = /bin/sh;
			shellScript = "\"${SRCROOT}/Pods/Target Support Files/Pods-FoodWasteApp/Pods-FoodWasteApp-frameworks.sh\"\n";
			showEnvVarsInLog = 0;
		};
		A74212EE72A81B6173337D4F /* [CP] Check Pods Manifest.lock */ = {
			isa = PBXShellScriptBuildPhase;
			buildActionMask = 2147483647;
			files = (
			);
			inputFileListPaths = (
			);
			inputPaths = (
				"${PODS_PODFILE_DIR_PATH}/Podfile.lock",
				"${PODS_ROOT}/Manifest.lock",
			);
			name = "[CP] Check Pods Manifest.lock";
			outputFileListPaths = (
			);
			outputPaths = (
				"$(DERIVED_FILE_DIR)/Pods-FoodWasteApp-checkManifestLockResult.txt",
			);
			runOnlyForDeploymentPostprocessing = 0;
			shellPath = /bin/sh;
			shellScript = "diff \"${PODS_PODFILE_DIR_PATH}/Podfile.lock\" \"${PODS_ROOT}/Manifest.lock\" > /dev/null\nif [ $? != 0 ] ; then\n    # print error to STDERR\n    echo \"error: The sandbox is not in sync with the Podfile.lock. Run 'pod install' or update your CocoaPods installation.\" >&2\n    exit 1\nfi\n# This output is used by Xcode 'outputs' to avoid re-running this script phase.\necho \"SUCCESS\" > \"${SCRIPT_OUTPUT_FILE_0}\"\n";
			showEnvVarsInLog = 0;
		};
/* End PBXShellScriptBuildPhase section */

/* Begin PBXSourcesBuildPhase section */
		F4D372BF22034CC60031FA9B /* Sources */ = {
			isa = PBXSourcesBuildPhase;
			buildActionMask = 2147483647;
			files = (
				F4D372C922034CC60031FA9B /* ViewController.swift in Sources */,
				F4D372DD220399760031FA9B /* GenericDecoder.swift in Sources */,
				F4D372DF2203999E0031FA9B /* GenericCoderError.swift in Sources */,
				F4D372C722034CC60031FA9B /* AppDelegate.swift in Sources */,
			);
			runOnlyForDeploymentPostprocessing = 0;
		};
/* End PBXSourcesBuildPhase section */

/* Begin PBXVariantGroup section */
		F4D372CA22034CC60031FA9B /* Main.storyboard */ = {
			isa = PBXVariantGroup;
			children = (
				F4D372CB22034CC60031FA9B /* Base */,
			);
			name = Main.storyboard;
			sourceTree = "<group>";
		};
		F4D372CF22034CC80031FA9B /* LaunchScreen.storyboard */ = {
			isa = PBXVariantGroup;
			children = (
				F4D372D022034CC80031FA9B /* Base */,
			);
			name = LaunchScreen.storyboard;
			sourceTree = "<group>";
		};
/* End PBXVariantGroup section */

/* Begin XCBuildConfiguration section */
		F4D372D322034CC80031FA9B /* Debug */ = {
			isa = XCBuildConfiguration;
			buildSettings = {
				ALWAYS_SEARCH_USER_PATHS = NO;
				CLANG_ANALYZER_NONNULL = YES;
				CLANG_ANALYZER_NUMBER_OBJECT_CONVERSION = YES_AGGRESSIVE;
				CLANG_CXX_LANGUAGE_STANDARD = "gnu++14";
				CLANG_CXX_LIBRARY = "libc++";
				CLANG_ENABLE_MODULES = YES;
				CLANG_ENABLE_OBJC_ARC = YES;
				CLANG_ENABLE_OBJC_WEAK = YES;
				CLANG_WARN_BLOCK_CAPTURE_AUTORELEASING = YES;
				CLANG_WARN_BOOL_CONVERSION = YES;
				CLANG_WARN_COMMA = YES;
				CLANG_WARN_CONSTANT_CONVERSION = YES;
				CLANG_WARN_DEPRECATED_OBJC_IMPLEMENTATIONS = YES;
				CLANG_WARN_DIRECT_OBJC_ISA_USAGE = YES_ERROR;
				CLANG_WARN_DOCUMENTATION_COMMENTS = YES;
				CLANG_WARN_EMPTY_BODY = YES;
				CLANG_WARN_ENUM_CONVERSION = YES;
				CLANG_WARN_INFINITE_RECURSION = YES;
				CLANG_WARN_INT_CONVERSION = YES;
				CLANG_WARN_NON_LITERAL_NULL_CONVERSION = YES;
				CLANG_WARN_OBJC_IMPLICIT_RETAIN_SELF = YES;
				CLANG_WARN_OBJC_LITERAL_CONVERSION = YES;
				CLANG_WARN_OBJC_ROOT_CLASS = YES_ERROR;
				CLANG_WARN_RANGE_LOOP_ANALYSIS = YES;
				CLANG_WARN_STRICT_PROTOTYPES = YES;
				CLANG_WARN_SUSPICIOUS_MOVE = YES;
				CLANG_WARN_UNGUARDED_AVAILABILITY = YES_AGGRESSIVE;
				CLANG_WARN_UNREACHABLE_CODE = YES;
				CLANG_WARN__DUPLICATE_METHOD_MATCH = YES;
				CODE_SIGN_IDENTITY = "iPhone Developer";
				COPY_PHASE_STRIP = NO;
				DEBUG_INFORMATION_FORMAT = dwarf;
				ENABLE_STRICT_OBJC_MSGSEND = YES;
				ENABLE_TESTABILITY = YES;
				GCC_C_LANGUAGE_STANDARD = gnu11;
				GCC_DYNAMIC_NO_PIC = NO;
				GCC_NO_COMMON_BLOCKS = YES;
				GCC_OPTIMIZATION_LEVEL = 0;
				GCC_PREPROCESSOR_DEFINITIONS = (
					"DEBUG=1",
					"$(inherited)",
				);
				GCC_WARN_64_TO_32_BIT_CONVERSION = YES;
				GCC_WARN_ABOUT_RETURN_TYPE = YES_ERROR;
				GCC_WARN_UNDECLARED_SELECTOR = YES;
				GCC_WARN_UNINITIALIZED_AUTOS = YES_AGGRESSIVE;
				GCC_WARN_UNUSED_FUNCTION = YES;
				GCC_WARN_UNUSED_VARIABLE = YES;
				IPHONEOS_DEPLOYMENT_TARGET = 12.1;
				MTL_ENABLE_DEBUG_INFO = INCLUDE_SOURCE;
				MTL_FAST_MATH = YES;
				ONLY_ACTIVE_ARCH = YES;
				SDKROOT = iphoneos;
				SWIFT_ACTIVE_COMPILATION_CONDITIONS = DEBUG;
				SWIFT_OPTIMIZATION_LEVEL = "-Onone";
			};
			name = Debug;
		};
		F4D372D422034CC80031FA9B /* Release */ = {
			isa = XCBuildConfiguration;
			buildSettings = {
				ALWAYS_SEARCH_USER_PATHS = NO;
				CLANG_ANALYZER_NONNULL = YES;
				CLANG_ANALYZER_NUMBER_OBJECT_CONVERSION = YES_AGGRESSIVE;
				CLANG_CXX_LANGUAGE_STANDARD = "gnu++14";
				CLANG_CXX_LIBRARY = "libc++";
				CLANG_ENABLE_MODULES = YES;
				CLANG_ENABLE_OBJC_ARC = YES;
				CLANG_ENABLE_OBJC_WEAK = YES;
				CLANG_WARN_BLOCK_CAPTURE_AUTORELEASING = YES;
				CLANG_WARN_BOOL_CONVERSION = YES;
				CLANG_WARN_COMMA = YES;
				CLANG_WARN_CONSTANT_CONVERSION = YES;
				CLANG_WARN_DEPRECATED_OBJC_IMPLEMENTATIONS = YES;
				CLANG_WARN_DIRECT_OBJC_ISA_USAGE = YES_ERROR;
				CLANG_WARN_DOCUMENTATION_COMMENTS = YES;
				CLANG_WARN_EMPTY_BODY = YES;
				CLANG_WARN_ENUM_CONVERSION = YES;
				CLANG_WARN_INFINITE_RECURSION = YES;
				CLANG_WARN_INT_CONVERSION = YES;
				CLANG_WARN_NON_LITERAL_NULL_CONVERSION = YES;
				CLANG_WARN_OBJC_IMPLICIT_RETAIN_SELF = YES;
				CLANG_WARN_OBJC_LITERAL_CONVERSION = YES;
				CLANG_WARN_OBJC_ROOT_CLASS = YES_ERROR;
				CLANG_WARN_RANGE_LOOP_ANALYSIS = YES;
				CLANG_WARN_STRICT_PROTOTYPES = YES;
				CLANG_WARN_SUSPICIOUS_MOVE = YES;
				CLANG_WARN_UNGUARDED_AVAILABILITY = YES_AGGRESSIVE;
				CLANG_WARN_UNREACHABLE_CODE = YES;
				CLANG_WARN__DUPLICATE_METHOD_MATCH = YES;
				CODE_SIGN_IDENTITY = "iPhone Developer";
				COPY_PHASE_STRIP = NO;
				DEBUG_INFORMATION_FORMAT = "dwarf-with-dsym";
				ENABLE_NS_ASSERTIONS = NO;
				ENABLE_STRICT_OBJC_MSGSEND = YES;
				GCC_C_LANGUAGE_STANDARD = gnu11;
				GCC_NO_COMMON_BLOCKS = YES;
				GCC_WARN_64_TO_32_BIT_CONVERSION = YES;
				GCC_WARN_ABOUT_RETURN_TYPE = YES_ERROR;
				GCC_WARN_UNDECLARED_SELECTOR = YES;
				GCC_WARN_UNINITIALIZED_AUTOS = YES_AGGRESSIVE;
				GCC_WARN_UNUSED_FUNCTION = YES;
				GCC_WARN_UNUSED_VARIABLE = YES;
				IPHONEOS_DEPLOYMENT_TARGET = 12.1;
				MTL_ENABLE_DEBUG_INFO = NO;
				MTL_FAST_MATH = YES;
				SDKROOT = iphoneos;
				SWIFT_COMPILATION_MODE = wholemodule;
				SWIFT_OPTIMIZATION_LEVEL = "-O";
				VALIDATE_PRODUCT = YES;
			};
			name = Release;
		};
		F4D372D622034CC80031FA9B /* Debug */ = {
			isa = XCBuildConfiguration;
			baseConfigurationReference = 79BBCF6226FE668BD8845682 /* Pods-FoodWasteApp.debug.xcconfig */;
			buildSettings = {
				ASSETCATALOG_COMPILER_APPICON_NAME = AppIcon;
				CODE_SIGN_STYLE = Automatic;
				DEVELOPMENT_TEAM = 82675K6Q78;
				INFOPLIST_FILE = FoodWasteApp/Info.plist;
				LD_RUNPATH_SEARCH_PATHS = (
					"$(inherited)",
					"@executable_path/Frameworks",
				);
				PRODUCT_BUNDLE_IDENTIFIER = ADA.FoodWasteApp;
				PRODUCT_NAME = "$(TARGET_NAME)";
				SWIFT_VERSION = 4.2;
				TARGETED_DEVICE_FAMILY = "1,2";
			};
			name = Debug;
		};
		F4D372D722034CC80031FA9B /* Release */ = {
			isa = XCBuildConfiguration;
			baseConfigurationReference = 0093C6BF0CF5C7FE1CD1FAB1 /* Pods-FoodWasteApp.release.xcconfig */;
			buildSettings = {
				ASSETCATALOG_COMPILER_APPICON_NAME = AppIcon;
				CODE_SIGN_STYLE = Automatic;
				DEVELOPMENT_TEAM = 82675K6Q78;
				INFOPLIST_FILE = FoodWasteApp/Info.plist;
				LD_RUNPATH_SEARCH_PATHS = (
					"$(inherited)",
					"@executable_path/Frameworks",
				);
				PRODUCT_BUNDLE_IDENTIFIER = ADA.FoodWasteApp;
				PRODUCT_NAME = "$(TARGET_NAME)";
				SWIFT_VERSION = 4.2;
				TARGETED_DEVICE_FAMILY = "1,2";
			};
			name = Release;
		};
/* End XCBuildConfiguration section */

/* Begin XCConfigurationList section */
		F4D372BE22034CC60031FA9B /* Build configuration list for PBXProject "FoodWasteApp" */ = {
			isa = XCConfigurationList;
			buildConfigurations = (
				F4D372D322034CC80031FA9B /* Debug */,
				F4D372D422034CC80031FA9B /* Release */,
			);
			defaultConfigurationIsVisible = 0;
			defaultConfigurationName = Release;
		};
		F4D372D522034CC80031FA9B /* Build configuration list for PBXNativeTarget "FoodWasteApp" */ = {
			isa = XCConfigurationList;
			buildConfigurations = (
				F4D372D622034CC80031FA9B /* Debug */,
				F4D372D722034CC80031FA9B /* Release */,
			);
			defaultConfigurationIsVisible = 0;
			defaultConfigurationName = Release;
		};
/* End XCConfigurationList section */
	};
	rootObject = F4D372BB22034CC60031FA9B /* Project object */;
}
